github.com/bobcatfish/rainbowhtml v0.0.0-20210921195124-ee380e759a46 h1:I259tWSsEbmKBL2tyKYpLBsh5i2E9l9tpgyzMBygvA4=
github.com/bobcatfish/rainbowhtml v0.0.0-20210921195124-ee380e759a46/go.mod h1:eMUWayhTYk1tBoKbSqPHvGTv4RgrXJEflGXfpDfG1Lg=
github.com/bobcatfish/rainbowhtml v0.0.0-20210922173525-ecc3cc4658f5 h1:l0P/CKHeQbUF0IW+bYjW2p/1EI/HmQRO0w/qRM58FNs=
github.com/bobcatfish/rainbowhtml v0.0.0-20210922173525-ecc3cc4658f5/go.mod h1:ThYGZMC2XJKnYZvkqZwHaKrtULUwcS2HkyOMPVXadr0=
github.com/bobcatfish/rainbowhtml v0.0.0-20210922175606-6be82da2738c h1:8aMA/CkfJ3UWtNUdU70AjDsq3ps73XMU2ZKrKXowkWs=
github.com/bobcatfish/rainbowhtml v0.0.0-20210922175606-6be82da2738c/go.mod h1:ThYGZMC2XJKnYZvkqZwHaKrtULUwcS2HkyOMPVXadr0=
